
Microsoft Visual Studio Solution File, Format Version 12.00
# Visual Studio Version 16
VisualStudioVersion = 16.0.31424.327
MinimumVisualStudioVersion = 10.0.40219.1
Project("{FAE04EC0-301F-11D3-BF4B-00C04F79EFBC}") = "Planner", "Planner\Planner.csproj", "{0E69EB80-0D04-4644-ACF9-6EFBD7AE3B44}"
EndProject
Global
	GlobalSection(SolutionConfigurationPlatforms) = preSolution
		Debug|Any CPU = Debug|Any CPU
		Release|Any CPU = Release|Any CPU
	EndGlobalSection
	GlobalSection(ProjectConfigurationPlatforms) = postSolution
		{0E69EB80-0D04-4644-ACF9-6EFBD7AE3B44}.Debug|Any CPU.ActiveCfg = Debug|Any CPU
		{0E69EB80-0D04-4644-ACF9-6EFBD7AE3B44}.Debug|Any CPU.Build.0 = Debug|Any CPU
		{0E69EB80-0D04-4644-ACF9-6EFBD7AE3B44}.Release|Any CPU.ActiveCfg = Release|Any CPU
		{0E69EB80-0D04-4644-ACF9-6EFBD7AE3B44}.Release|Any CPU.Build.0 = Release|Any CPU
	EndGlobalSection
	GlobalSection(SolutionProperties) = preSolution
		HideSolutionNode = FALSE
	EndGlobalSection
	GlobalSection(ExtensibilityGlobals) = postSolution
		SolutionGuid = {7E6A8024-1CC4-41B9-B80E-818DBF05C393}
	EndGlobalSection
EndGlobal
